
Microsoft Visual Studio Solution File, Format Version 12.00
# Visual Studio 2012
Project("{8BC9CEB8-8B4A-11D0-8D11-00A0C91BC942}") = "Zero_One_Repeat_Counter", "Zero_One_Repeat_Counter\Zero_One_Repeat_Counter.vcxproj", "{CF1ADE33-D63B-445A-9D54-ACC21926222F}"
EndProject
Global
	GlobalSection(SolutionConfigurationPlatforms) = preSolution
		Debug|Win32 = Debug|Win32
		Release|Win32 = Release|Win32
	EndGlobalSection
	GlobalSection(ProjectConfigurationPlatforms) = postSolution
		{CF1ADE33-D63B-445A-9D54-ACC21926222F}.Debug|Win32.ActiveCfg = Debug|Win32
		{CF1ADE33-D63B-445A-9D54-ACC21926222F}.Debug|Win32.Build.0 = Debug|Win32
		{CF1ADE33-D63B-445A-9D54-ACC21926222F}.Release|Win32.ActiveCfg = Release|Win32
		{CF1ADE33-D63B-445A-9D54-ACC21926222F}.Release|Win32.Build.0 = Release|Win32
	EndGlobalSection
	GlobalSection(SolutionProperties) = preSolution
		HideSolutionNode = FALSE
	EndGlobalSection
EndGlobal
